PODS:
  - LTxCategories (0.0.3):
    - LTxCategories/Core (= 0.0.3)
    - LTxCategories/Foundation (= 0.0.3)
    - LTxCategories/UIKit (= 0.0.3)
  - LTxCategories/Core (0.0.3):
    - LTxCategories/Foundation
    - LTxCategories/UIKit
  - LTxCategories/Foundation (0.0.3)
  - LTxCategories/UIKit (0.0.3)

DEPENDENCIES:
  - LTxCategories (from `../`)

EXTERNAL SOURCES:
  LTxCategories:
    :path: "../"

SPEC CHECKSUMS:
  LTxCategories: 557fa520db14d88d5abd82cb0b5d7385e315e130

PODFILE CHECKSUM: 3e23cc4cb1350801cc19b06c65dbe2a1eea4013f

COCOAPODS: 1.5.2
