// !$*UTF8*$!
{
	archiveVersion = 1;
	classes = {
	};
	objectVersion = 50;
	objects = {

/* Begin PBXBuildFile section */
		0532FA26646A7CEA38CB7451 /* Pods_LTxCategoriesDemo.framework in Frameworks */ = {isa = PBXBuildFile; fileRef = EC97F18FEBA8E0F9EF57ABE2 /* Pods_LTxCategoriesDemo.framework */; };
		274D97C42223727800CB9FFC /* LTxPushPopAnimatingViewController.m in Sources */ = {isa = PBXBuildFile; fileRef = 274D97C32223727800CB9FFC /* LTxPushPopAnimatingViewController.m */; };
		27E02439213E689C0004757B /* AppDelegate.m in Sources */ = {isa = PBXBuildFile; fileRef = 27E02438213E689C0004757B /* AppDelegate.m */; };
		27E0243C213E689C0004757B /* LTxViewController.m in Sources */ = {isa = PBXBuildFile; fileRef = 27E0243B213E689C0004757B /* LTxViewController.m */; };
		27E0243F213E689C0004757B /* Main.storyboard in Resources */ = {isa = PBXBuildFile; fileRef = 27E0243D213E689C0004757B /* Main.storyboard */; };
		27E02441213E689D0004757B /* Assets.xcassets in Resources */ = {isa = PBXBuildFile; fileRef = 27E02440213E689D0004757B /* Assets.xcassets */; };
		27E02444213E689D0004757B /* LaunchScreen.storyboard in Resources */ = {isa = PBXBuildFile; fileRef = 27E02442213E689D0004757B /* LaunchScreen.storyboard */; };
		27E02447213E689D0004757B /* main.m in Sources */ = {isa = PBXBuildFile; fileRef = 27E02446213E689D0004757B /* main.m */; };
/* End PBXBuildFile section */

/* Begin PBXFileReference section */
		274D97C22223727800CB9FFC /* LTxPushPopAnimatingViewController.h */ = {isa = PBXFileReference; lastKnownFileType = sourcecode.c.h; path = LTxPushPopAnimatingViewController.h; sourceTree = "<group>"; };
		274D97C32223727800CB9FFC /* LTxPushPopAnimatingViewController.m */ = {isa = PBXFileReference; lastKnownFileType = sourcecode.c.objc; path = LTxPushPopAnimatingViewController.m; sourceTree = "<group>"; };
		27E02434213E689C0004757B /* LTxCategoriesDemo.app */ = {isa = PBXFileReference; explicitFileType = wrapper.application; includeInIndex = 0; path = LTxCategoriesDemo.app; sourceTree = BUILT_PRODUCTS_DIR; };
		27E02437213E689C0004757B /* AppDelegate.h */ = {isa = PBXFileReference; lastKnownFileType = sourcecode.c.h; path = AppDelegate.h; sourceTree = "<group>"; };
		27E02438213E689C0004757B /* AppDelegate.m */ = {isa = PBXFileReference; lastKnownFileType = sourcecode.c.objc; path = AppDelegate.m; sourceTree = "<group>"; };
		27E0243A213E689C0004757B /* LTxViewController.h */ = {isa = PBXFileReference; lastKnownFileType = sourcecode.c.h; path = LTxViewController.h; sourceTree = "<group>"; };
		27E0243B213E689C0004757B /* LTxViewController.m */ = {isa = PBXFileReference; lastKnownFileType = sourcecode.c.objc; path = LTxViewController.m; sourceTree = "<group>"; };
		27E0243E213E689C0004757B /* Base */ = {isa = PBXFileReference; lastKnownFileType = file.storyboard; name = Base; path = Base.lproj/Main.storyboard; sourceTree = "<group>"; };
		27E02440213E689D0004757B /* Assets.xcassets */ = {isa = PBXFileReference; lastKnownFileType = folder.assetcatalog; path = Assets.xcassets; sourceTree = "<group>"; };
		27E02443213E689D0004757B /* Base */ = {isa = PBXFileReference; lastKnownFileType = file.storyboard; name = Base; path = Base.lproj/LaunchScreen.storyboard; sourceTree = "<group>"; };
		27E02445213E689D0004757B /* Info.plist */ = {isa = PBXFileReference; lastKnownFileType = text.plist.xml; path = Info.plist; sourceTree = "<group>"; };
		27E02446213E689D0004757B /* main.m */ = {isa = PBXFileReference; lastKnownFileType = sourcecode.c.objc; path = main.m; sourceTree = "<group>"; };
		3C4B11F5CA1539C401D6E2A1 /* Pods-LTxCategoriesDemo.debug.xcconfig */ = {isa = PBXFileReference; includeInIndex = 1; lastKnownFileType = text.xcconfig; name = "Pods-LTxCategoriesDemo.debug.xcconfig"; path = "Pods/Target Support Files/Pods-LTxCategoriesDemo/Pods-LTxCategoriesDemo.debug.xcconfig"; sourceTree = "<group>"; };
		E5C7340CC643C3CDC9B199FE /* Pods-LTxCategoriesDemo.release.xcconfig */ = {isa = PBXFileReference; includeInIndex = 1; lastKnownFileType = text.xcconfig; name = "Pods-LTxCategoriesDemo.release.xcconfig"; path = "Pods/Target Support Files/Pods-LTxCategoriesDemo/Pods-LTxCategoriesDemo.release.xcconfig"; sourceTree = "<group>"; };
		EC97F18FEBA8E0F9EF57ABE2 /* Pods_LTxCategoriesDemo.framework */ = {isa = PBXFileReference; explicitFileType = wrapper.framework; includeInIndex = 0; path = Pods_LTxCategoriesDemo.framework; sourceTree = BUILT_PRODUCTS_DIR; };
/* End PBXFileReference section */

/* Begin PBXFrameworksBuildPhase section */
		27E02431213E689C0004757B /* Frameworks */ = {
			isa = PBXFrameworksBuildPhase;
			buildActionMask = 2147483647;
			files = (
				0532FA26646A7CEA38CB7451 /* Pods_LTxCategoriesDemo.framework in Frameworks */,
			);
			runOnlyForDeploymentPostprocessing = 0;
		};
/* End PBXFrameworksBuildPhase section */

/* Begin PBXGroup section */
		27E0242B213E689C0004757B = {
			isa = PBXGroup;
			children = (
				27E02436213E689C0004757B /* LTxCategoriesDemo */,
				27E02435213E689C0004757B /* Products */,
				DB94923C6E9CB1581819ECFF /* Pods */,
				4D113689702322EE616752E1 /* Frameworks */,
			);
			sourceTree = "<group>";
		};
		27E02435213E689C0004757B /* Products */ = {
			isa = PBXGroup;
			children = (
				27E02434213E689C0004757B /* LTxCategoriesDemo.app */,
			);
			name = Products;
			sourceTree = "<group>";
		};
		27E02436213E689C0004757B /* LTxCategoriesDemo */ = {
			isa = PBXGroup;
			children = (
				27E02437213E689C0004757B /* AppDelegate.h */,
				27E02438213E689C0004757B /* AppDelegate.m */,
				27E0243A213E689C0004757B /* LTxViewController.h */,
				27E0243B213E689C0004757B /* LTxViewController.m */,
				274D97C22223727800CB9FFC /* LTxPushPopAnimatingViewController.h */,
				274D97C32223727800CB9FFC /* LTxPushPopAnimatingViewController.m */,
				27E0243D213E689C0004757B /* Main.storyboard */,
				27E02440213E689D0004757B /* Assets.xcassets */,
				27E02442213E689D0004757B /* LaunchScreen.storyboard */,
				27E02445213E689D0004757B /* Info.plist */,
				27E02446213E689D0004757B /* main.m */,
			);
			path = LTxCategoriesDemo;
			sourceTree = "<group>";
		};
		4D113689702322EE616752E1 /* Frameworks */ = {
			isa = PBXGroup;
			children = (
				EC97F18FEBA8E0F9EF57ABE2 /* Pods_LTxCategoriesDemo.framework */,
			);
			name = Frameworks;
			sourceTree = "<group>";
		};
		DB94923C6E9CB1581819ECFF /* Pods */ = {
			isa = PBXGroup;
			children = (
				3C4B11F5CA1539C401D6E2A1 /* Pods-LTxCategoriesDemo.debug.xcconfig */,
				E5C7340CC643C3CDC9B199FE /* Pods-LTxCategoriesDemo.release.xcconfig */,
			);
			name = Pods;
			sourceTree = "<group>";
		};
/* End PBXGroup section */

/* Begin PBXNativeTarget section */
		27E02433213E689C0004757B /* LTxCategoriesDemo */ = {
			isa = PBXNativeTarget;
			buildConfigurationList = 27E0244A213E689D0004757B /* Build configuration list for PBXNativeTarget "LTxCategoriesDemo" */;
			buildPhases = (
				5C7556B337E282FE094086C5 /* [CP] Check Pods Manifest.lock */,
				27E02430213E689C0004757B /* Sources */,
				27E02431213E689C0004757B /* Frameworks */,
				27E02432213E689C0004757B /* Resources */,
				4E818F8C96B3CE2B6D178629 /* [CP] Embed Pods Frameworks */,
			);
			buildRules = (
			);
			dependencies = (
			);
			name = LTxCategoriesDemo;
			productName = LTxCategoriesDemo;
			productReference = 27E02434213E689C0004757B /* LTxCategoriesDemo.app */;
			productType = "com.apple.product-type.application";
		};
/* End PBXNativeTarget section */

/* Begin PBXProject section */
		27E0242C213E689C0004757B /* Project object */ = {
			isa = PBXProject;
			attributes = {
				LastUpgradeCheck = 0940;
				ORGANIZATIONNAME = LIANGTONG;
				TargetAttributes = {
					27E02433213E689C0004757B = {
						CreatedOnToolsVersion = 9.4.1;
					};
				};
			};
			buildConfigurationList = 27E0242F213E689C0004757B /* Build configuration list for PBXProject "LTxCategoriesDemo" */;
			compatibilityVersion = "Xcode 9.3";
			developmentRegion = en;
			hasScannedForEncodings = 0;
			knownRegions = (
				en,
				Base,
			);
			mainGroup = 27E0242B213E689C0004757B;
			productRefGroup = 27E02435213E689C0004757B /* Products */;
			projectDirPath = "";
			projectRoot = "";
			targets = (
				27E02433213E689C0004757B /* LTxCategoriesDemo */,
			);
		};
/* End PBXProject section */

/* Begin PBXResourcesBuildPhase section */
		27E02432213E689C0004757B /* Resources */ = {
			isa = PBXResourcesBuildPhase;
			buildActionMask = 2147483647;
			files = (
				27E02444213E689D0004757B /* LaunchScreen.storyboard in Resources */,
				27E02441213E689D0004757B /* Assets.xcassets in Resources */,
				27E0243F213E689C0004757B /* Main.storyboard in Resources */,
			);
			runOnlyForDeploymentPostprocessing = 0;
		};
/* End PBXResourcesBuildPhase section */

/* Begin PBXShellScriptBuildPhase section */
		4E818F8C96B3CE2B6D178629 /* [CP] Embed Pods Frameworks */ = {
			isa = PBXShellScriptBuildPhase;
			buildActionMask = 2147483647;
			files = (
			);
			inputFileListPaths = (
				"${PODS_ROOT}/Target Support Files/Pods-LTxCategoriesDemo/Pods-LTxCategoriesDemo-frameworks-${CONFIGURATION}-input-files.xcfilelist",
			);
			name = "[CP] Embed Pods Frameworks";
			outputFileListPaths = (
				"${PODS_ROOT}/Target Support Files/Pods-LTxCategoriesDemo/Pods-LTxCategoriesDemo-frameworks-${CONFIGURATION}-output-files.xcfilelist",
			);
			runOnlyForDeploymentPostprocessing = 0;
			shellPath = /bin/sh;
			shellScript = "\"${PODS_ROOT}/Target Support Files/Pods-LTxCategoriesDemo/Pods-LTxCategoriesDemo-frameworks.sh\"\n";
			showEnvVarsInLog = 0;
		};
		5C7556B337E282FE094086C5 /* [CP] Check Pods Manifest.lock */ = {
			isa = PBXShellScriptBuildPhase;
			buildActionMask = 2147483647;
			files = (
			);
			inputPaths = (
				"${PODS_PODFILE_DIR_PATH}/Podfile.lock",
				"${PODS_ROOT}/Manifest.lock",
			);
			name = "[CP] Check Pods Manifest.lock";
			outputPaths = (
				"$(DERIVED_FILE_DIR)/Pods-LTxCategoriesDemo-checkManifestLockResult.txt",
			);
			runOnlyForDeploymentPostprocessing = 0;
			shellPath = /bin/sh;
			shellScript = "diff \"${PODS_PODFILE_DIR_PATH}/Podfile.lock\" \"${PODS_ROOT}/Manifest.lock\" > /dev/null\nif [ $? != 0 ] ; then\n    # print error to STDERR\n    echo \"error: The sandbox is not in sync with the Podfile.lock. Run 'pod install' or update your CocoaPods installation.\" >&2\n    exit 1\nfi\n# This output is used by Xcode 'outputs' to avoid re-running this script phase.\necho \"SUCCESS\" > \"${SCRIPT_OUTPUT_FILE_0}\"\n";
			showEnvVarsInLog = 0;
		};
/* End PBXShellScriptBuildPhase section */

/* Begin PBXSourcesBuildPhase section */
		27E02430213E689C0004757B /* Sources */ = {
			isa = PBXSourcesBuildPhase;
			buildActionMask = 2147483647;
			files = (
				274D97C42223727800CB9FFC /* LTxPushPopAnimatingViewController.m in Sources */,
				27E0243C213E689C0004757B /* LTxViewController.m in Sources */,
				27E02447213E689D0004757B /* main.m in Sources */,
				27E02439213E689C0004757B /* AppDelegate.m in Sources */,
			);
			runOnlyForDeploymentPostprocessing = 0;
		};
/* End PBXSourcesBuildPhase section */

/* Begin PBXVariantGroup section */
		27E0243D213E689C0004757B /* Main.storyboard */ = {
			isa = PBXVariantGroup;
			children = (
				27E0243E213E689C0004757B /* Base */,
			);
			name = Main.storyboard;
			sourceTree = "<group>";
		};
		27E02442213E689D0004757B /* LaunchScreen.storyboard */ = {
			isa = PBXVariantGroup;
			children = (
				27E02443213E689D0004757B /* Base */,
			);
			name = LaunchScreen.storyboard;
			sourceTree = "<group>";
		};
/* End PBXVariantGroup section */

/* Begin XCBuildConfiguration section */
		27E02448213E689D0004757B /* Debug */ = {
			isa = XCBuildConfiguration;
			buildSettings = {
				ALWAYS_SEARCH_USER_PATHS = NO;
				CLANG_ANALYZER_NONNULL = YES;
				CLANG_ANALYZER_NUMBER_OBJECT_CONVERSION = YES_AGGRESSIVE;
				CLANG_CXX_LANGUAGE_STANDARD = "gnu++14";
				CLANG_CXX_LIBRARY = "libc++";
				CLANG_ENABLE_MODULES = YES;
				CLANG_ENABLE_OBJC_ARC = YES;
				CLANG_ENABLE_OBJC_WEAK = YES;
				CLANG_WARN_BLOCK_CAPTURE_AUTORELEASING = YES;
				CLANG_WARN_BOOL_CONVERSION = YES;
				CLANG_WARN_COMMA = YES;
				CLANG_WARN_CONSTANT_CONVERSION = YES;
				CLANG_WARN_DEPRECATED_OBJC_IMPLEMENTATIONS = YES;
				CLANG_WARN_DIRECT_OBJC_ISA_USAGE = YES_ERROR;
				CLANG_WARN_DOCUMENTATION_COMMENTS = YES;
				CLANG_WARN_EMPTY_BODY = YES;
				CLANG_WARN_ENUM_CONVERSION = YES;
				CLANG_WARN_INFINITE_RECURSION = YES;
				CLANG_WARN_INT_CONVERSION = YES;
				CLANG_WARN_NON_LITERAL_NULL_CONVERSION = YES;
				CLANG_WARN_OBJC_IMPLICIT_RETAIN_SELF = YES;
				CLANG_WARN_OBJC_LITERAL_CONVERSION = YES;
				CLANG_WARN_OBJC_ROOT_CLASS = YES_ERROR;
				CLANG_WARN_RANGE_LOOP_ANALYSIS = YES;
				CLANG_WARN_STRICT_PROTOTYPES = YES;
				CLANG_WARN_SUSPICIOUS_MOVE = YES;
				CLANG_WARN_UNGUARDED_AVAILABILITY = YES_AGGRESSIVE;
				CLANG_WARN_UNREACHABLE_CODE = YES;
				CLANG_WARN__DUPLICATE_METHOD_MATCH = YES;
				CODE_SIGN_IDENTITY = "iPhone Developer";
				COPY_PHASE_STRIP = NO;
				DEBUG_INFORMATION_FORMAT = dwarf;
				ENABLE_STRICT_OBJC_MSGSEND = YES;
				ENABLE_TESTABILITY = YES;
				GCC_C_LANGUAGE_STANDARD = gnu11;
				GCC_DYNAMIC_NO_PIC = NO;
				GCC_NO_COMMON_BLOCKS = YES;
				GCC_OPTIMIZATION_LEVEL = 0;
				GCC_PREPROCESSOR_DEFINITIONS = (
					"DEBUG=1",
					"$(inherited)",
				);
				GCC_WARN_64_TO_32_BIT_CONVERSION = YES;
				GCC_WARN_ABOUT_RETURN_TYPE = YES_ERROR;
				GCC_WARN_UNDECLARED_SELECTOR = YES;
				GCC_WARN_UNINITIALIZED_AUTOS = YES_AGGRESSIVE;
				GCC_WARN_UNUSED_FUNCTION = YES;
				GCC_WARN_UNUSED_VARIABLE = YES;
				IPHONEOS_DEPLOYMENT_TARGET = 11.4;
				MTL_ENABLE_DEBUG_INFO = YES;
				ONLY_ACTIVE_ARCH = YES;
				SDKROOT = iphoneos;
			};
			name = Debug;
		};
		27E02449213E689D0004757B /* Release */ = {
			isa = XCBuildConfiguration;
			buildSettings = {
				ALWAYS_SEARCH_USER_PATHS = NO;
				CLANG_ANALYZER_NONNULL = YES;
				CLANG_ANALYZER_NUMBER_OBJECT_CONVERSION = YES_AGGRESSIVE;
				CLANG_CXX_LANGUAGE_STANDARD = "gnu++14";
				CLANG_CXX_LIBRARY = "libc++";
				CLANG_ENABLE_MODULES = YES;
				CLANG_ENABLE_OBJC_ARC = YES;
				CLANG_ENABLE_OBJC_WEAK = YES;
				CLANG_WARN_BLOCK_CAPTURE_AUTORELEASING = YES;
				CLANG_WARN_BOOL_CONVERSION = YES;
				CLANG_WARN_COMMA = YES;
				CLANG_WARN_CONSTANT_CONVERSION = YES;
				CLANG_WARN_DEPRECATED_OBJC_IMPLEMENTATIONS = YES;
				CLANG_WARN_DIRECT_OBJC_ISA_USAGE = YES_ERROR;
				CLANG_WARN_DOCUMENTATION_COMMENTS = YES;
				CLANG_WARN_EMPTY_BODY = YES;
				CLANG_WARN_ENUM_CONVERSION = YES;
				CLANG_WARN_INFINITE_RECURSION = YES;
				CLANG_WARN_INT_CONVERSION = YES;
				CLANG_WARN_NON_LITERAL_NULL_CONVERSION = YES;
				CLANG_WARN_OBJC_IMPLICIT_RETAIN_SELF = YES;
				CLANG_WARN_OBJC_LITERAL_CONVERSION = YES;
				CLANG_WARN_OBJC_ROOT_CLASS = YES_ERROR;
				CLANG_WARN_RANGE_LOOP_ANALYSIS = YES;
				CLANG_WARN_STRICT_PROTOTYPES = YES;
				CLANG_WARN_SUSPICIOUS_MOVE = YES;
				CLANG_WARN_UNGUARDED_AVAILABILITY = YES_AGGRESSIVE;
				CLANG_WARN_UNREACHABLE_CODE = YES;
				CLANG_WARN__DUPLICATE_METHOD_MATCH = YES;
				CODE_SIGN_IDENTITY = "iPhone Developer";
				COPY_PHASE_STRIP = NO;
				DEBUG_INFORMATION_FORMAT = "dwarf-with-dsym";
				ENABLE_NS_ASSERTIONS = NO;
				ENABLE_STRICT_OBJC_MSGSEND = YES;
				GCC_C_LANGUAGE_STANDARD = gnu11;
				GCC_NO_COMMON_BLOCKS = YES;
				GCC_WARN_64_TO_32_BIT_CONVERSION = YES;
				GCC_WARN_ABOUT_RETURN_TYPE = YES_ERROR;
				GCC_WARN_UNDECLARED_SELECTOR = YES;
				GCC_WARN_UNINITIALIZED_AUTOS = YES_AGGRESSIVE;
				GCC_WARN_UNUSED_FUNCTION = YES;
				GCC_WARN_UNUSED_VARIABLE = YES;
				IPHONEOS_DEPLOYMENT_TARGET = 11.4;
				MTL_ENABLE_DEBUG_INFO = NO;
				SDKROOT = iphoneos;
				VALIDATE_PRODUCT = YES;
			};
			name = Release;
		};
		27E0244B213E689D0004757B /* Debug */ = {
			isa = XCBuildConfiguration;
			baseConfigurationReference = 3C4B11F5CA1539C401D6E2A1 /* Pods-LTxCategoriesDemo.debug.xcconfig */;
			buildSettings = {
				ASSETCATALOG_COMPILER_APPICON_NAME = AppIcon;
				CODE_SIGN_STYLE = Automatic;
				INFOPLIST_FILE = LTxCategoriesDemo/Info.plist;
				IPHONEOS_DEPLOYMENT_TARGET = 9.0;
				LD_RUNPATH_SEARCH_PATHS = (
					"$(inherited)",
					"@executable_path/Frameworks",
				);
				PRODUCT_BUNDLE_IDENTIFIER = com.liangtong.LTxCategoriesDemo;
				PRODUCT_NAME = "$(TARGET_NAME)";
				TARGETED_DEVICE_FAMILY = "1,2";
			};
			name = Debug;
		};
		27E0244C213E689D0004757B /* Release */ = {
			isa = XCBuildConfiguration;
			baseConfigurationReference = E5C7340CC643C3CDC9B199FE /* Pods-LTxCategoriesDemo.release.xcconfig */;
			buildSettings = {
				ASSETCATALOG_COMPILER_APPICON_NAME = AppIcon;
				CODE_SIGN_STYLE = Automatic;
				INFOPLIST_FILE = LTxCategoriesDemo/Info.plist;
				IPHONEOS_DEPLOYMENT_TARGET = 9.0;
				LD_RUNPATH_SEARCH_PATHS = (
					"$(inherited)",
					"@executable_path/Frameworks",
				);
				PRODUCT_BUNDLE_IDENTIFIER = com.liangtong.LTxCategoriesDemo;
				PRODUCT_NAME = "$(TARGET_NAME)";
				TARGETED_DEVICE_FAMILY = "1,2";
			};
			name = Release;
		};
/* End XCBuildConfiguration section */

/* Begin XCConfigurationList section */
		27E0242F213E689C0004757B /* Build configuration list for PBXProject "LTxCategoriesDemo" */ = {
			isa = XCConfigurationList;
			buildConfigurations = (
				27E02448213E689D0004757B /* Debug */,
				27E02449213E689D0004757B /* Release */,
			);
			defaultConfigurationIsVisible = 0;
			defaultConfigurationName = Release;
		};
		27E0244A213E689D0004757B /* Build configuration list for PBXNativeTarget "LTxCategoriesDemo" */ = {
			isa = XCConfigurationList;
			buildConfigurations = (
				27E0244B213E689D0004757B /* Debug */,
				27E0244C213E689D0004757B /* Release */,
			);
			defaultConfigurationIsVisible = 0;
			defaultConfigurationName = Release;
		};
/* End XCConfigurationList section */
	};
	rootObject = 27E0242C213E689C0004757B /* Project object */;
}
